<?xml version="1.0" encoding="UTF-8" standalone="yes" ?>
<CodeBlocks_project_file>
	<FileVersion major="1" minor="6" />
	<Project>
		<Option title="LONGR" />
		<Option pch_mode="2" />
		<Option compiler="gcc" />
		<Build>
			<Target title="Debug">
				<Option output="bin/Debug/LONGR" prefix_auto="1" extension_auto="1" />
				<Option object_output="obj/Debug/" />
				<Option type="1" />
				<Option compiler="gcc" />
				<Compiler>
					<Add option="-g" />
					<Add directory="include" />
					<Add directory="DATA/Class" />
					<Add directory="../LegendOfNaufraGameReborn" />
				</Compiler>
				<Linker>
					<Add library="sfml-graphics-d" />
					<Add library="sfml-window-d" />
					<Add library="sfml-system-d" />
					<Add library="sfml-main-d" />
				</Linker>
			</Target>
			<Target title="Release">
				<Option output="bin/Release/LONGR" prefix_auto="1" extension_auto="1" />
				<Option object_output="obj/Release/" />
				<Option type="1" />
				<Option compiler="gcc" />
				<Compiler>
					<Add option="-O2" />
					<Add directory="include" />
					<Add directory="DATA/Class" />
					<Add directory="../LegendOfNaufraGameReborn" />
				</Compiler>
				<Linker>
					<Add option="-s" />
					<Add library="sfml-graphics" />
					<Add library="sfml-window" />
					<Add library="sfml-system" />
				</Linker>
			</Target>
		</Build>
		<Compiler>
			<Add option="-Wall" />
			<Add directory="D:/DEV/SFML-2.5.1/include" />
		</Compiler>
		<Linker>
			<Add directory="D:/DEV/SFML-2.5.1/lib" />
		</Linker>
		<Unit filename="AnimatedSprite.cpp" />
		<Unit filename="AnimatedSprite.h" />
		<Unit filename="Character/Baba.cpp" />
		<Unit filename="Character/Baba.h" />
		<Unit filename="Character/Character.cpp" />
		<Unit filename="Character/Character.h" />
		<Unit filename="Decors/Arbre.cpp" />
		<Unit filename="Decors/Arbre.h" />
		<Unit filename="Decors/Decor.cpp" />
		<Unit filename="Decors/Decor.h" />
		<Unit filename="Decors/Echoppe.cpp" />
		<Unit filename="Decors/Echoppe.h" />
		<Unit filename="Decors/Maison.cpp" />
		<Unit filename="Decors/Maison.h" />
		<Unit filename="Entite.cpp" />
		<Unit filename="Entite.h" />
		<Unit filename="EntiteFactory.cpp" />
		<Unit filename="EntiteFactory.h" />
		<Unit filename="Foes/Foes.cpp" />
		<Unit filename="Foes/Foes.h" />
		<Unit filename="Foes/Papy.cpp" />
		<Unit filename="Foes/Papy.h" />
		<Unit filename="Foes/Sbire.cpp" />
		<Unit filename="Foes/Sbire.h" />
		<Unit filename="GameHandler.cpp" />
		<Unit filename="GameHandler.h" />
		<Unit filename="Hitbox.cpp" />
		<Unit filename="Hitbox.h" />
		<Unit filename="InputManager.cpp" />
		<Unit filename="InputManager.h" />
		<Unit filename="Interface/Interface.cpp" />
		<Unit filename="Interface/Interface.h" />
		<Unit filename="Scene.cpp" />
		<Unit filename="Scene.h" />
		<Unit filename="TextureManager.cpp" />
		<Unit filename="TextureManager.h" />
		<Unit filename="TileMap.cpp" />
		<Unit filename="TileMap.h" />
		<Unit filename="Tuile.cpp" />
		<Unit filename="Tuile.h" />
		<Unit filename="main.cpp" />
		<Extensions>
			<code_completion />
			<envvars />
			<debugger />
			<lib_finder disable_auto="1" />
		</Extensions>
	</Project>
</CodeBlocks_project_file>
