<?xml version="1.0" encoding="UTF-8" standalone="yes" ?>
<CodeBlocks_project_file>
	<FileVersion major="1" minor="6" />
	<Project>
		<Option title="LONGR" />
		<Option pch_mode="2" />
		<Option compiler="gcc" />
		<Build>
			<Target title="Debug">
				<Option output="bin/Debug/LONGR" prefix_auto="1" extension_auto="1" />
				<Option object_output="obj/Debug/" />
				<Option type="1" />
				<Option compiler="gcc" />
				<Compiler>
					<Add option="-g" />
				</Compiler>
				<Linker>
					<Add library="sfml-graphics-s-d" />
					<Add library="sfml-window-s-d" />
					<Add library="sfml-system-s-d" />
					<Add library="sfml-main-d" />
					<Add library="opengl32" />
					<Add library="gdi32" />
					<Add library="freetype" />
					<Add library="winmm" />
				</Linker>
			</Target>
			<Target title="Release">
				<Option output="bin/Release/LONGR" prefix_auto="1" extension_auto="1" />
				<Option object_output="obj/Release/" />
				<Option type="1" />
				<Option compiler="gcc" />
				<Compiler>
					<Add option="-O2" />
				</Compiler>
				<Linker>
					<Add option="-s" />
				</Linker>
			</Target>
		</Build>
		<Compiler>
			<Add option="-Wall" />
			<Add directory="D:/DEV/SFML-2.5.1/include" />
		</Compiler>
		<Linker>
			<Add directory="D:/DEV/SFML-2.5.1/lib" />
		</Linker>
		<Unit filename="DATA/Class/AnimatedSprite.cpp" />
		<Unit filename="DATA/Class/AnimatedSprite.h" />
		<Unit filename="DATA/Class/EntiteFactory.cpp" />
		<Unit filename="DATA/Class/EntiteFactory.h" />
		<Unit filename="DATA/Class/Entite/Character/Baba.cpp" />
		<Unit filename="DATA/Class/Entite/Character/Baba.h" />
		<Unit filename="DATA/Class/Entite/Character/Character.cpp" />
		<Unit filename="DATA/Class/Entite/Character/Character.h" />
		<Unit filename="DATA/Class/Entite/Decors/Arbre.cpp" />
		<Unit filename="DATA/Class/Entite/Decors/Arbre.h" />
		<Unit filename="DATA/Class/Entite/Decors/Decor.cpp" />
		<Unit filename="DATA/Class/Entite/Decors/Decor.h" />
		<Unit filename="DATA/Class/Entite/Decors/Echoppe.cpp" />
		<Unit filename="DATA/Class/Entite/Decors/Echoppe.h" />
		<Unit filename="DATA/Class/Entite/Decors/Maison.cpp" />
		<Unit filename="DATA/Class/Entite/Decors/Maison.h" />
		<Unit filename="DATA/Class/Entite/Entite.cpp" />
		<Unit filename="DATA/Class/Entite/Entite.h" />
		<Unit filename="DATA/Class/Entite/Foes/Foes.cpp" />
		<Unit filename="DATA/Class/Entite/Foes/Foes.h" />
		<Unit filename="DATA/Class/Entite/Foes/Papy.cpp" />
		<Unit filename="DATA/Class/Entite/Foes/Papy.h" />
		<Unit filename="DATA/Class/Entite/Foes/Sbire.cpp" />
		<Unit filename="DATA/Class/Entite/Foes/Sbire.h" />
		<Unit filename="DATA/Class/Hitbox.cpp" />
		<Unit filename="DATA/Class/Hitbox.h" />
		<Unit filename="DATA/Class/Terrain/ElementGraphique.cpp" />
		<Unit filename="DATA/Class/Terrain/ElementGraphique.h" />
		<Unit filename="DATA/Class/Terrain/TileMap.cpp" />
		<Unit filename="DATA/Class/Terrain/TileMap.h" />
		<Unit filename="DATA/Class/Terrain/Tuile.cpp" />
		<Unit filename="DATA/Class/Terrain/Tuile.h" />
		<Unit filename="link.h" />
		<Unit filename="main.cpp" />
		<Extensions>
			<code_completion />
			<envvars />
			<debugger />
			<lib_finder disable_auto="1" />
		</Extensions>
	</Project>
</CodeBlocks_project_file>
